
Microsoft Visual Studio Solution File, Format Version 12.00
# Visual Studio 2017
Project("{FAE04EC0-301F-11D3-BF4B-00C04F79EFBC}") = "Unity5_FirstGame_Tutorial", "Unity5_FirstGame_Tutorial.csproj", "{FC5F8DF3-32BC-997D-9E91-FEC783A49FF7}"
EndProject
Global
	GlobalSection(SolutionConfigurationPlatforms) = preSolution
		Debug|Any CPU = Debug|Any CPU
		Release|Any CPU = Release|Any CPU
	EndGlobalSection
	GlobalSection(ProjectConfigurationPlatforms) = postSolution
		{FC5F8DF3-32BC-997D-9E91-FEC783A49FF7}.Debug|Any CPU.ActiveCfg = Debug|Any CPU
		{FC5F8DF3-32BC-997D-9E91-FEC783A49FF7}.Debug|Any CPU.Build.0 = Debug|Any CPU
		{FC5F8DF3-32BC-997D-9E91-FEC783A49FF7}.Release|Any CPU.ActiveCfg = Release|Any CPU
		{FC5F8DF3-32BC-997D-9E91-FEC783A49FF7}.Release|Any CPU.Build.0 = Release|Any CPU
	EndGlobalSection
	GlobalSection(SolutionProperties) = preSolution
		HideSolutionNode = FALSE
	EndGlobalSection
EndGlobal
